
Microsoft Visual Studio Solution File, Format Version 12.00
# Visual Studio 15
VisualStudioVersion = 15.0.26430.12
MinimumVisualStudioVersion = 10.0.40219.1
Project("{FAE04EC0-301F-11D3-BF4B-00C04F79EFBC}") = "TestViews_XPA.Android", "TestViews_XPA\TestViews_XPA.Android\TestViews_XPA.Android.csproj", "{8047B836-FD30-454F-A31D-62FF3F731971}"
EndProject
Project("{FAE04EC0-301F-11D3-BF4B-00C04F79EFBC}") = "TestViews_XPA", "TestViews_XPA\TestViews_XPA\TestViews_XPA.csproj", "{0A44B782-4A2A-4E0D-B179-4487B60CD207}"
EndProject
Project("{FAE04EC0-301F-11D3-BF4B-00C04F79EFBC}") = "TestViews_XPA.UWP", "TestViews_XPA\TestViews_XPA.UWP\TestViews_XPA.UWP.csproj", "{FFC115FE-ADFE-46B1-9EB2-8D1B76E3DC60}"
EndProject
Project("{FAE04EC0-301F-11D3-BF4B-00C04F79EFBC}") = "TestViews_XPA.iOS", "TestViews_XPA\TestViews_XPA.iOS\TestViews_XPA.iOS.csproj", "{57968A6F-A4B3-4205-9D27-A26CDB84BA23}"
EndProject
Global
	GlobalSection(SolutionConfigurationPlatforms) = preSolution
		Ad-Hoc|Any CPU = Ad-Hoc|Any CPU
		Ad-Hoc|ARM = Ad-Hoc|ARM
		Ad-Hoc|iPhone = Ad-Hoc|iPhone
		Ad-Hoc|iPhoneSimulator = Ad-Hoc|iPhoneSimulator
		Ad-Hoc|x64 = Ad-Hoc|x64
		Ad-Hoc|x86 = Ad-Hoc|x86
		AppStore|Any CPU = AppStore|Any CPU
		AppStore|ARM = AppStore|ARM
		AppStore|iPhone = AppStore|iPhone
		AppStore|iPhoneSimulator = AppStore|iPhoneSimulator
		AppStore|x64 = AppStore|x64
		AppStore|x86 = AppStore|x86
		Debug|Any CPU = Debug|Any CPU
		Debug|ARM = Debug|ARM
		Debug|iPhone = Debug|iPhone
		Debug|iPhoneSimulator = Debug|iPhoneSimulator
		Debug|x64 = Debug|x64
		Debug|x86 = Debug|x86
		Release|Any CPU = Release|Any CPU
		Release|ARM = Release|ARM
		Release|iPhone = Release|iPhone
		Release|iPhoneSimulator = Release|iPhoneSimulator
		Release|x64 = Release|x64
		Release|x86 = Release|x86
	EndGlobalSection
	GlobalSection(ProjectConfigurationPlatforms) = postSolution
		{8047B836-FD30-454F-A31D-62FF3F731971}.Ad-Hoc|Any CPU.ActiveCfg = Release|Any CPU
		{8047B836-FD30-454F-A31D-62FF3F731971}.Ad-Hoc|Any CPU.Build.0 = Release|Any CPU
		{8047B836-FD30-454F-A31D-62FF3F731971}.Ad-Hoc|Any CPU.Deploy.0 = Release|Any CPU
		{8047B836-FD30-454F-A31D-62FF3F731971}.Ad-Hoc|ARM.ActiveCfg = Release|Any CPU
		{8047B836-FD30-454F-A31D-62FF3F731971}.Ad-Hoc|ARM.Build.0 = Release|Any CPU
		{8047B836-FD30-454F-A31D-62FF3F731971}.Ad-Hoc|ARM.Deploy.0 = Release|Any CPU
		{8047B836-FD30-454F-A31D-62FF3F731971}.Ad-Hoc|iPhone.ActiveCfg = Release|Any CPU
		{8047B836-FD30-454F-A31D-62FF3F731971}.Ad-Hoc|iPhone.Build.0 = Release|Any CPU
		{8047B836-FD30-454F-A31D-62FF3F731971}.Ad-Hoc|iPhone.Deploy.0 = Release|Any CPU
		{8047B836-FD30-454F-A31D-62FF3F731971}.Ad-Hoc|iPhoneSimulator.ActiveCfg = Release|Any CPU
		{8047B836-FD30-454F-A31D-62FF3F731971}.Ad-Hoc|iPhoneSimulator.Build.0 = Release|Any CPU
		{8047B836-FD30-454F-A31D-62FF3F731971}.Ad-Hoc|iPhoneSimulator.Deploy.0 = Release|Any CPU
		{8047B836-FD30-454F-A31D-62FF3F731971}.Ad-Hoc|x64.ActiveCfg = Release|Any CPU
		{8047B836-FD30-454F-A31D-62FF3F731971}.Ad-Hoc|x64.Build.0 = Release|Any CPU
		{8047B836-FD30-454F-A31D-62FF3F731971}.Ad-Hoc|x64.Deploy.0 = Release|Any CPU
		{8047B836-FD30-454F-A31D-62FF3F731971}.Ad-Hoc|x86.ActiveCfg = Release|Any CPU
		{8047B836-FD30-454F-A31D-62FF3F731971}.Ad-Hoc|x86.Build.0 = Release|Any CPU
		{8047B836-FD30-454F-A31D-62FF3F731971}.Ad-Hoc|x86.Deploy.0 = Release|Any CPU
		{8047B836-FD30-454F-A31D-62FF3F731971}.AppStore|Any CPU.ActiveCfg = Release|Any CPU
		{8047B836-FD30-454F-A31D-62FF3F731971}.AppStore|Any CPU.Build.0 = Release|Any CPU
		{8047B836-FD30-454F-A31D-62FF3F731971}.AppStore|Any CPU.Deploy.0 = Release|Any CPU
		{8047B836-FD30-454F-A31D-62FF3F731971}.AppStore|ARM.ActiveCfg = Release|Any CPU
		{8047B836-FD30-454F-A31D-62FF3F731971}.AppStore|ARM.Build.0 = Release|Any CPU
		{8047B836-FD30-454F-A31D-62FF3F731971}.AppStore|ARM.Deploy.0 = Release|Any CPU
		{8047B836-FD30-454F-A31D-62FF3F731971}.AppStore|iPhone.ActiveCfg = Release|Any CPU
		{8047B836-FD30-454F-A31D-62FF3F731971}.AppStore|iPhone.Build.0 = Release|Any CPU
		{8047B836-FD30-454F-A31D-62FF3F731971}.AppStore|iPhone.Deploy.0 = Release|Any CPU
		{8047B836-FD30-454F-A31D-62FF3F731971}.AppStore|iPhoneSimulator.ActiveCfg = Release|Any CPU
		{8047B836-FD30-454F-A31D-62FF3F731971}.AppStore|iPhoneSimulator.Build.0 = Release|Any CPU
		{8047B836-FD30-454F-A31D-62FF3F731971}.AppStore|iPhoneSimulator.Deploy.0 = Release|Any CPU
		{8047B836-FD30-454F-A31D-62FF3F731971}.AppStore|x64.ActiveCfg = Release|Any CPU
		{8047B836-FD30-454F-A31D-62FF3F731971}.AppStore|x64.Build.0 = Release|Any CPU
		{8047B836-FD30-454F-A31D-62FF3F731971}.AppStore|x64.Deploy.0 = Release|Any CPU
		{8047B836-FD30-454F-A31D-62FF3F731971}.AppStore|x86.ActiveCfg = Release|Any CPU
		{8047B836-FD30-454F-A31D-62FF3F731971}.AppStore|x86.Build.0 = Release|Any CPU
		{8047B836-FD30-454F-A31D-62FF3F731971}.AppStore|x86.Deploy.0 = Release|Any CPU
		{8047B836-FD30-454F-A31D-62FF3F731971}.Debug|Any CPU.ActiveCfg = Debug|Any CPU
		{8047B836-FD30-454F-A31D-62FF3F731971}.Debug|Any CPU.Build.0 = Debug|Any CPU
		{8047B836-FD30-454F-A31D-62FF3F731971}.Debug|Any CPU.Deploy.0 = Debug|Any CPU
		{8047B836-FD30-454F-A31D-62FF3F731971}.Debug|ARM.ActiveCfg = Debug|Any CPU
		{8047B836-FD30-454F-A31D-62FF3F731971}.Debug|ARM.Build.0 = Debug|Any CPU
		{8047B836-FD30-454F-A31D-62FF3F731971}.Debug|ARM.Deploy.0 = Debug|Any CPU
		{8047B836-FD30-454F-A31D-62FF3F731971}.Debug|iPhone.ActiveCfg = Debug|Any CPU
		{8047B836-FD30-454F-A31D-62FF3F731971}.Debug|iPhone.Build.0 = Debug|Any CPU
		{8047B836-FD30-454F-A31D-62FF3F731971}.Debug|iPhone.Deploy.0 = Debug|Any CPU
		{8047B836-FD30-454F-A31D-62FF3F731971}.Debug|iPhoneSimulator.ActiveCfg = Debug|Any CPU
		{8047B836-FD30-454F-A31D-62FF3F731971}.Debug|iPhoneSimulator.Build.0 = Debug|Any CPU
		{8047B836-FD30-454F-A31D-62FF3F731971}.Debug|iPhoneSimulator.Deploy.0 = Debug|Any CPU
		{8047B836-FD30-454F-A31D-62FF3F731971}.Debug|x64.ActiveCfg = Debug|Any CPU
		{8047B836-FD30-454F-A31D-62FF3F731971}.Debug|x64.Build.0 = Debug|Any CPU
		{8047B836-FD30-454F-A31D-62FF3F731971}.Debug|x64.Deploy.0 = Debug|Any CPU
		{8047B836-FD30-454F-A31D-62FF3F731971}.Debug|x86.ActiveCfg = Debug|Any CPU
		{8047B836-FD30-454F-A31D-62FF3F731971}.Debug|x86.Build.0 = Debug|Any CPU
		{8047B836-FD30-454F-A31D-62FF3F731971}.Debug|x86.Deploy.0 = Debug|Any CPU
		{8047B836-FD30-454F-A31D-62FF3F731971}.Release|Any CPU.ActiveCfg = Release|Any CPU
		{8047B836-FD30-454F-A31D-62FF3F731971}.Release|Any CPU.Build.0 = Release|Any CPU
		{8047B836-FD30-454F-A31D-62FF3F731971}.Release|Any CPU.Deploy.0 = Release|Any CPU
		{8047B836-FD30-454F-A31D-62FF3F731971}.Release|ARM.ActiveCfg = Release|Any CPU
		{8047B836-FD30-454F-A31D-62FF3F731971}.Release|ARM.Build.0 = Release|Any CPU
		{8047B836-FD30-454F-A31D-62FF3F731971}.Release|ARM.Deploy.0 = Release|Any CPU
		{8047B836-FD30-454F-A31D-62FF3F731971}.Release|iPhone.ActiveCfg = Release|Any CPU
		{8047B836-FD30-454F-A31D-62FF3F731971}.Release|iPhone.Build.0 = Release|Any CPU
		{8047B836-FD30-454F-A31D-62FF3F731971}.Release|iPhone.Deploy.0 = Release|Any CPU
		{8047B836-FD30-454F-A31D-62FF3F731971}.Release|iPhoneSimulator.ActiveCfg = Release|Any CPU
		{8047B836-FD30-454F-A31D-62FF3F731971}.Release|iPhoneSimulator.Build.0 = Release|Any CPU
		{8047B836-FD30-454F-A31D-62FF3F731971}.Release|iPhoneSimulator.Deploy.0 = Release|Any CPU
		{8047B836-FD30-454F-A31D-62FF3F731971}.Release|x64.ActiveCfg = Release|Any CPU
		{8047B836-FD30-454F-A31D-62FF3F731971}.Release|x64.Build.0 = Release|Any CPU
		{8047B836-FD30-454F-A31D-62FF3F731971}.Release|x64.Deploy.0 = Release|Any CPU
		{8047B836-FD30-454F-A31D-62FF3F731971}.Release|x86.ActiveCfg = Release|Any CPU
		{8047B836-FD30-454F-A31D-62FF3F731971}.Release|x86.Build.0 = Release|Any CPU
		{8047B836-FD30-454F-A31D-62FF3F731971}.Release|x86.Deploy.0 = Release|Any CPU
		{0A44B782-4A2A-4E0D-B179-4487B60CD207}.Ad-Hoc|Any CPU.ActiveCfg = Release|Any CPU
		{0A44B782-4A2A-4E0D-B179-4487B60CD207}.Ad-Hoc|Any CPU.Build.0 = Release|Any CPU
		{0A44B782-4A2A-4E0D-B179-4487B60CD207}.Ad-Hoc|ARM.ActiveCfg = Release|Any CPU
		{0A44B782-4A2A-4E0D-B179-4487B60CD207}.Ad-Hoc|ARM.Build.0 = Release|Any CPU
		{0A44B782-4A2A-4E0D-B179-4487B60CD207}.Ad-Hoc|iPhone.ActiveCfg = Release|Any CPU
		{0A44B782-4A2A-4E0D-B179-4487B60CD207}.Ad-Hoc|iPhone.Build.0 = Release|Any CPU
		{0A44B782-4A2A-4E0D-B179-4487B60CD207}.Ad-Hoc|iPhoneSimulator.ActiveCfg = Release|Any CPU
		{0A44B782-4A2A-4E0D-B179-4487B60CD207}.Ad-Hoc|iPhoneSimulator.Build.0 = Release|Any CPU
		{0A44B782-4A2A-4E0D-B179-4487B60CD207}.Ad-Hoc|x64.ActiveCfg = Release|Any CPU
		{0A44B782-4A2A-4E0D-B179-4487B60CD207}.Ad-Hoc|x64.Build.0 = Release|Any CPU
		{0A44B782-4A2A-4E0D-B179-4487B60CD207}.Ad-Hoc|x86.ActiveCfg = Release|Any CPU
		{0A44B782-4A2A-4E0D-B179-4487B60CD207}.Ad-Hoc|x86.Build.0 = Release|Any CPU
		{0A44B782-4A2A-4E0D-B179-4487B60CD207}.AppStore|Any CPU.ActiveCfg = Release|Any CPU
		{0A44B782-4A2A-4E0D-B179-4487B60CD207}.AppStore|Any CPU.Build.0 = Release|Any CPU
		{0A44B782-4A2A-4E0D-B179-4487B60CD207}.AppStore|ARM.ActiveCfg = Release|Any CPU
		{0A44B782-4A2A-4E0D-B179-4487B60CD207}.AppStore|ARM.Build.0 = Release|Any CPU
		{0A44B782-4A2A-4E0D-B179-4487B60CD207}.AppStore|iPhone.ActiveCfg = Release|Any CPU
		{0A44B782-4A2A-4E0D-B179-4487B60CD207}.AppStore|iPhone.Build.0 = Release|Any CPU
		{0A44B782-4A2A-4E0D-B179-4487B60CD207}.AppStore|iPhoneSimulator.ActiveCfg = Release|Any CPU
		{0A44B782-4A2A-4E0D-B179-4487B60CD207}.AppStore|iPhoneSimulator.Build.0 = Release|Any CPU
		{0A44B782-4A2A-4E0D-B179-4487B60CD207}.AppStore|x64.ActiveCfg = Release|Any CPU
		{0A44B782-4A2A-4E0D-B179-4487B60CD207}.AppStore|x64.Build.0 = Release|Any CPU
		{0A44B782-4A2A-4E0D-B179-4487B60CD207}.AppStore|x86.ActiveCfg = Release|Any CPU
		{0A44B782-4A2A-4E0D-B179-4487B60CD207}.AppStore|x86.Build.0 = Release|Any CPU
		{0A44B782-4A2A-4E0D-B179-4487B60CD207}.Debug|Any CPU.ActiveCfg = Debug|Any CPU
		{0A44B782-4A2A-4E0D-B179-4487B60CD207}.Debug|Any CPU.Build.0 = Debug|Any CPU
		{0A44B782-4A2A-4E0D-B179-4487B60CD207}.Debug|ARM.ActiveCfg = Debug|Any CPU
		{0A44B782-4A2A-4E0D-B179-4487B60CD207}.Debug|ARM.Build.0 = Debug|Any CPU
		{0A44B782-4A2A-4E0D-B179-4487B60CD207}.Debug|iPhone.ActiveCfg = Debug|Any CPU
		{0A44B782-4A2A-4E0D-B179-4487B60CD207}.Debug|iPhone.Build.0 = Debug|Any CPU
		{0A44B782-4A2A-4E0D-B179-4487B60CD207}.Debug|iPhoneSimulator.ActiveCfg = Debug|Any CPU
		{0A44B782-4A2A-4E0D-B179-4487B60CD207}.Debug|iPhoneSimulator.Build.0 = Debug|Any CPU
		{0A44B782-4A2A-4E0D-B179-4487B60CD207}.Debug|x64.ActiveCfg = Debug|Any CPU
		{0A44B782-4A2A-4E0D-B179-4487B60CD207}.Debug|x64.Build.0 = Debug|Any CPU
		{0A44B782-4A2A-4E0D-B179-4487B60CD207}.Debug|x86.ActiveCfg = Debug|Any CPU
		{0A44B782-4A2A-4E0D-B179-4487B60CD207}.Debug|x86.Build.0 = Debug|Any CPU
		{0A44B782-4A2A-4E0D-B179-4487B60CD207}.Release|Any CPU.ActiveCfg = Release|Any CPU
		{0A44B782-4A2A-4E0D-B179-4487B60CD207}.Release|Any CPU.Build.0 = Release|Any CPU
		{0A44B782-4A2A-4E0D-B179-4487B60CD207}.Release|ARM.ActiveCfg = Release|Any CPU
		{0A44B782-4A2A-4E0D-B179-4487B60CD207}.Release|ARM.Build.0 = Release|Any CPU
		{0A44B782-4A2A-4E0D-B179-4487B60CD207}.Release|iPhone.ActiveCfg = Release|Any CPU
		{0A44B782-4A2A-4E0D-B179-4487B60CD207}.Release|iPhone.Build.0 = Release|Any CPU
		{0A44B782-4A2A-4E0D-B179-4487B60CD207}.Release|iPhoneSimulator.ActiveCfg = Release|Any CPU
		{0A44B782-4A2A-4E0D-B179-4487B60CD207}.Release|iPhoneSimulator.Build.0 = Release|Any CPU
		{0A44B782-4A2A-4E0D-B179-4487B60CD207}.Release|x64.ActiveCfg = Release|Any CPU
		{0A44B782-4A2A-4E0D-B179-4487B60CD207}.Release|x64.Build.0 = Release|Any CPU
		{0A44B782-4A2A-4E0D-B179-4487B60CD207}.Release|x86.ActiveCfg = Release|Any CPU
		{0A44B782-4A2A-4E0D-B179-4487B60CD207}.Release|x86.Build.0 = Release|Any CPU
		{FFC115FE-ADFE-46B1-9EB2-8D1B76E3DC60}.Ad-Hoc|Any CPU.ActiveCfg = Release|x86
		{FFC115FE-ADFE-46B1-9EB2-8D1B76E3DC60}.Ad-Hoc|Any CPU.Build.0 = Release|x86
		{FFC115FE-ADFE-46B1-9EB2-8D1B76E3DC60}.Ad-Hoc|Any CPU.Deploy.0 = Release|x86
		{FFC115FE-ADFE-46B1-9EB2-8D1B76E3DC60}.Ad-Hoc|ARM.ActiveCfg = Release|ARM
		{FFC115FE-ADFE-46B1-9EB2-8D1B76E3DC60}.Ad-Hoc|ARM.Build.0 = Release|ARM
		{FFC115FE-ADFE-46B1-9EB2-8D1B76E3DC60}.Ad-Hoc|ARM.Deploy.0 = Release|ARM
		{FFC115FE-ADFE-46B1-9EB2-8D1B76E3DC60}.Ad-Hoc|iPhone.ActiveCfg = Release|x86
		{FFC115FE-ADFE-46B1-9EB2-8D1B76E3DC60}.Ad-Hoc|iPhone.Build.0 = Release|x86
		{FFC115FE-ADFE-46B1-9EB2-8D1B76E3DC60}.Ad-Hoc|iPhone.Deploy.0 = Release|x86
		{FFC115FE-ADFE-46B1-9EB2-8D1B76E3DC60}.Ad-Hoc|iPhoneSimulator.ActiveCfg = Release|x86
		{FFC115FE-ADFE-46B1-9EB2-8D1B76E3DC60}.Ad-Hoc|iPhoneSimulator.Build.0 = Release|x86
		{FFC115FE-ADFE-46B1-9EB2-8D1B76E3DC60}.Ad-Hoc|iPhoneSimulator.Deploy.0 = Release|x86
		{FFC115FE-ADFE-46B1-9EB2-8D1B76E3DC60}.Ad-Hoc|x64.ActiveCfg = Release|x64
		{FFC115FE-ADFE-46B1-9EB2-8D1B76E3DC60}.Ad-Hoc|x64.Build.0 = Release|x64
		{FFC115FE-ADFE-46B1-9EB2-8D1B76E3DC60}.Ad-Hoc|x64.Deploy.0 = Release|x64
		{FFC115FE-ADFE-46B1-9EB2-8D1B76E3DC60}.Ad-Hoc|x86.ActiveCfg = Release|x86
		{FFC115FE-ADFE-46B1-9EB2-8D1B76E3DC60}.Ad-Hoc|x86.Build.0 = Release|x86
		{FFC115FE-ADFE-46B1-9EB2-8D1B76E3DC60}.Ad-Hoc|x86.Deploy.0 = Release|x86
		{FFC115FE-ADFE-46B1-9EB2-8D1B76E3DC60}.AppStore|Any CPU.ActiveCfg = Release|x86
		{FFC115FE-ADFE-46B1-9EB2-8D1B76E3DC60}.AppStore|Any CPU.Build.0 = Release|x86
		{FFC115FE-ADFE-46B1-9EB2-8D1B76E3DC60}.AppStore|Any CPU.Deploy.0 = Release|x86
		{FFC115FE-ADFE-46B1-9EB2-8D1B76E3DC60}.AppStore|ARM.ActiveCfg = Release|ARM
		{FFC115FE-ADFE-46B1-9EB2-8D1B76E3DC60}.AppStore|ARM.Build.0 = Release|ARM
		{FFC115FE-ADFE-46B1-9EB2-8D1B76E3DC60}.AppStore|ARM.Deploy.0 = Release|ARM
		{FFC115FE-ADFE-46B1-9EB2-8D1B76E3DC60}.AppStore|iPhone.ActiveCfg = Release|x86
		{FFC115FE-ADFE-46B1-9EB2-8D1B76E3DC60}.AppStore|iPhone.Build.0 = Release|x86
		{FFC115FE-ADFE-46B1-9EB2-8D1B76E3DC60}.AppStore|iPhone.Deploy.0 = Release|x86
		{FFC115FE-ADFE-46B1-9EB2-8D1B76E3DC60}.AppStore|iPhoneSimulator.ActiveCfg = Release|x86
		{FFC115FE-ADFE-46B1-9EB2-8D1B76E3DC60}.AppStore|iPhoneSimulator.Build.0 = Release|x86
		{FFC115FE-ADFE-46B1-9EB2-8D1B76E3DC60}.AppStore|iPhoneSimulator.Deploy.0 = Release|x86
		{FFC115FE-ADFE-46B1-9EB2-8D1B76E3DC60}.AppStore|x64.ActiveCfg = Release|x64
		{FFC115FE-ADFE-46B1-9EB2-8D1B76E3DC60}.AppStore|x64.Build.0 = Release|x64
		{FFC115FE-ADFE-46B1-9EB2-8D1B76E3DC60}.AppStore|x64.Deploy.0 = Release|x64
		{FFC115FE-ADFE-46B1-9EB2-8D1B76E3DC60}.AppStore|x86.ActiveCfg = Release|x86
		{FFC115FE-ADFE-46B1-9EB2-8D1B76E3DC60}.AppStore|x86.Build.0 = Release|x86
		{FFC115FE-ADFE-46B1-9EB2-8D1B76E3DC60}.AppStore|x86.Deploy.0 = Release|x86
		{FFC115FE-ADFE-46B1-9EB2-8D1B76E3DC60}.Debug|Any CPU.ActiveCfg = Debug|x86
		{FFC115FE-ADFE-46B1-9EB2-8D1B76E3DC60}.Debug|ARM.ActiveCfg = Debug|ARM
		{FFC115FE-ADFE-46B1-9EB2-8D1B76E3DC60}.Debug|ARM.Build.0 = Debug|ARM
		{FFC115FE-ADFE-46B1-9EB2-8D1B76E3DC60}.Debug|ARM.Deploy.0 = Debug|ARM
		{FFC115FE-ADFE-46B1-9EB2-8D1B76E3DC60}.Debug|iPhone.ActiveCfg = Debug|x86
		{FFC115FE-ADFE-46B1-9EB2-8D1B76E3DC60}.Debug|iPhoneSimulator.ActiveCfg = Debug|x86
		{FFC115FE-ADFE-46B1-9EB2-8D1B76E3DC60}.Debug|x64.ActiveCfg = Debug|x64
		{FFC115FE-ADFE-46B1-9EB2-8D1B76E3DC60}.Debug|x64.Build.0 = Debug|x64
		{FFC115FE-ADFE-46B1-9EB2-8D1B76E3DC60}.Debug|x64.Deploy.0 = Debug|x64
		{FFC115FE-ADFE-46B1-9EB2-8D1B76E3DC60}.Debug|x86.ActiveCfg = Debug|x86
		{FFC115FE-ADFE-46B1-9EB2-8D1B76E3DC60}.Debug|x86.Build.0 = Debug|x86
		{FFC115FE-ADFE-46B1-9EB2-8D1B76E3DC60}.Debug|x86.Deploy.0 = Debug|x86
		{FFC115FE-ADFE-46B1-9EB2-8D1B76E3DC60}.Release|Any CPU.ActiveCfg = Release|x86
		{FFC115FE-ADFE-46B1-9EB2-8D1B76E3DC60}.Release|ARM.ActiveCfg = Release|ARM
		{FFC115FE-ADFE-46B1-9EB2-8D1B76E3DC60}.Release|ARM.Build.0 = Release|ARM
		{FFC115FE-ADFE-46B1-9EB2-8D1B76E3DC60}.Release|ARM.Deploy.0 = Release|ARM
		{FFC115FE-ADFE-46B1-9EB2-8D1B76E3DC60}.Release|iPhone.ActiveCfg = Release|x86
		{FFC115FE-ADFE-46B1-9EB2-8D1B76E3DC60}.Release|iPhoneSimulator.ActiveCfg = Release|x86
		{FFC115FE-ADFE-46B1-9EB2-8D1B76E3DC60}.Release|x64.ActiveCfg = Release|x64
		{FFC115FE-ADFE-46B1-9EB2-8D1B76E3DC60}.Release|x64.Build.0 = Release|x64
		{FFC115FE-ADFE-46B1-9EB2-8D1B76E3DC60}.Release|x64.Deploy.0 = Release|x64
		{FFC115FE-ADFE-46B1-9EB2-8D1B76E3DC60}.Release|x86.ActiveCfg = Release|x86
		{FFC115FE-ADFE-46B1-9EB2-8D1B76E3DC60}.Release|x86.Build.0 = Release|x86
		{FFC115FE-ADFE-46B1-9EB2-8D1B76E3DC60}.Release|x86.Deploy.0 = Release|x86
		{57968A6F-A4B3-4205-9D27-A26CDB84BA23}.Ad-Hoc|Any CPU.ActiveCfg = Ad-Hoc|iPhone
		{57968A6F-A4B3-4205-9D27-A26CDB84BA23}.Ad-Hoc|ARM.ActiveCfg = Ad-Hoc|iPhone
		{57968A6F-A4B3-4205-9D27-A26CDB84BA23}.Ad-Hoc|iPhone.ActiveCfg = Ad-Hoc|iPhone
		{57968A6F-A4B3-4205-9D27-A26CDB84BA23}.Ad-Hoc|iPhone.Build.0 = Ad-Hoc|iPhone
		{57968A6F-A4B3-4205-9D27-A26CDB84BA23}.Ad-Hoc|iPhoneSimulator.ActiveCfg = Ad-Hoc|iPhoneSimulator
		{57968A6F-A4B3-4205-9D27-A26CDB84BA23}.Ad-Hoc|iPhoneSimulator.Build.0 = Ad-Hoc|iPhoneSimulator
		{57968A6F-A4B3-4205-9D27-A26CDB84BA23}.Ad-Hoc|x64.ActiveCfg = Ad-Hoc|iPhone
		{57968A6F-A4B3-4205-9D27-A26CDB84BA23}.Ad-Hoc|x86.ActiveCfg = Ad-Hoc|iPhone
		{57968A6F-A4B3-4205-9D27-A26CDB84BA23}.AppStore|Any CPU.ActiveCfg = AppStore|iPhone
		{57968A6F-A4B3-4205-9D27-A26CDB84BA23}.AppStore|ARM.ActiveCfg = AppStore|iPhone
		{57968A6F-A4B3-4205-9D27-A26CDB84BA23}.AppStore|iPhone.ActiveCfg = AppStore|iPhone
		{57968A6F-A4B3-4205-9D27-A26CDB84BA23}.AppStore|iPhone.Build.0 = AppStore|iPhone
		{57968A6F-A4B3-4205-9D27-A26CDB84BA23}.AppStore|iPhoneSimulator.ActiveCfg = AppStore|iPhoneSimulator
		{57968A6F-A4B3-4205-9D27-A26CDB84BA23}.AppStore|iPhoneSimulator.Build.0 = AppStore|iPhoneSimulator
		{57968A6F-A4B3-4205-9D27-A26CDB84BA23}.AppStore|x64.ActiveCfg = AppStore|iPhone
		{57968A6F-A4B3-4205-9D27-A26CDB84BA23}.AppStore|x86.ActiveCfg = AppStore|iPhone
		{57968A6F-A4B3-4205-9D27-A26CDB84BA23}.Debug|Any CPU.ActiveCfg = Debug|iPhone
		{57968A6F-A4B3-4205-9D27-A26CDB84BA23}.Debug|ARM.ActiveCfg = Debug|iPhone
		{57968A6F-A4B3-4205-9D27-A26CDB84BA23}.Debug|iPhone.ActiveCfg = Debug|iPhone
		{57968A6F-A4B3-4205-9D27-A26CDB84BA23}.Debug|iPhone.Build.0 = Debug|iPhone
		{57968A6F-A4B3-4205-9D27-A26CDB84BA23}.Debug|iPhoneSimulator.ActiveCfg = Debug|iPhoneSimulator
		{57968A6F-A4B3-4205-9D27-A26CDB84BA23}.Debug|iPhoneSimulator.Build.0 = Debug|iPhoneSimulator
		{57968A6F-A4B3-4205-9D27-A26CDB84BA23}.Debug|x64.ActiveCfg = Debug|iPhone
		{57968A6F-A4B3-4205-9D27-A26CDB84BA23}.Debug|x86.ActiveCfg = Debug|iPhone
		{57968A6F-A4B3-4205-9D27-A26CDB84BA23}.Release|Any CPU.ActiveCfg = Release|iPhone
		{57968A6F-A4B3-4205-9D27-A26CDB84BA23}.Release|ARM.ActiveCfg = Release|iPhone
		{57968A6F-A4B3-4205-9D27-A26CDB84BA23}.Release|iPhone.ActiveCfg = Release|iPhone
		{57968A6F-A4B3-4205-9D27-A26CDB84BA23}.Release|iPhone.Build.0 = Release|iPhone
		{57968A6F-A4B3-4205-9D27-A26CDB84BA23}.Release|iPhoneSimulator.ActiveCfg = Release|iPhoneSimulator
		{57968A6F-A4B3-4205-9D27-A26CDB84BA23}.Release|iPhoneSimulator.Build.0 = Release|iPhoneSimulator
		{57968A6F-A4B3-4205-9D27-A26CDB84BA23}.Release|x64.ActiveCfg = Release|iPhone
		{57968A6F-A4B3-4205-9D27-A26CDB84BA23}.Release|x86.ActiveCfg = Release|iPhone
	EndGlobalSection
	GlobalSection(SolutionProperties) = preSolution
		HideSolutionNode = FALSE
	EndGlobalSection
EndGlobal
